// !$*UTF8*$!
{
	archiveVersion = 1;
	classes = {
	};
	objectVersion = 46;
	objects = {

/* Begin PBXBuildFile section */
		771936A01B84D039001740EC /* BaseFetchedControllerDataManager.m in Sources */ = {isa = PBXBuildFile; fileRef = 7719369F1B84D039001740EC /* BaseFetchedControllerDataManager.m */; };
		771DC2921B5EC9EF008B4F9A /* EventItemStore.m in Sources */ = {isa = PBXBuildFile; fileRef = 771DC2911B5EC9EF008B4F9A /* EventItemStore.m */; };
		771DC2951B5ECD88008B4F9A /* BaseManagedObjectStore.m in Sources */ = {isa = PBXBuildFile; fileRef = 771DC2941B5ECD88008B4F9A /* BaseManagedObjectStore.m */; };
		772859D11B4D8C3100204E24 /* LaunchScreen.xib in Resources */ = {isa = PBXBuildFile; fileRef = 772859CD1B4D8C3100204E24 /* LaunchScreen.xib */; };
		772859D21B4D8C3100204E24 /* Main.storyboard in Resources */ = {isa = PBXBuildFile; fileRef = 772859CF1B4D8C3100204E24 /* Main.storyboard */; };
		7746D7DC1B9BDC1B008966FA /* CreateEventItemControl.m in Sources */ = {isa = PBXBuildFile; fileRef = 7746D7DB1B9BDC1B008966FA /* CreateEventItemControl.m */; };
		7746D7DF1B9BDE9F008966FA /* EventLevelSelectView.m in Sources */ = {isa = PBXBuildFile; fileRef = 7746D7DE1B9BDE9F008966FA /* EventLevelSelectView.m */; };
		776C11501B913EAC0071437C /* GKIndicatorView.m in Sources */ = {isa = PBXBuildFile; fileRef = 776C114D1B913EAC0071437C /* GKIndicatorView.m */; };
		776C11511B913EAC0071437C /* UIScrollView+GKRefresh.m in Sources */ = {isa = PBXBuildFile; fileRef = 776C114F1B913EAC0071437C /* UIScrollView+GKRefresh.m */; };
		776C11551B9298890071437C /* QCMethod.m in Sources */ = {isa = PBXBuildFile; fileRef = 776C11541B9298890071437C /* QCMethod.m */; };
		776C11581B9299010071437C /* SquareView.m in Sources */ = {isa = PBXBuildFile; fileRef = 776C11571B9299010071437C /* SquareView.m */; };
		776C115B1B92A2F20071437C /* EventTableViewCell.m in Sources */ = {isa = PBXBuildFile; fileRef = 776C115A1B92A2F20071437C /* EventTableViewCell.m */; };
		776C115E1B92A3080071437C /* EventSectionView.m in Sources */ = {isa = PBXBuildFile; fileRef = 776C115D1B92A3080071437C /* EventSectionView.m */; };
		776C11621B92A54D0071437C /* GKSelectedView.m in Sources */ = {isa = PBXBuildFile; fileRef = 776C11611B92A54D0071437C /* GKSelectedView.m */; };
		776C116A1B92B63A0071437C /* EventItem+Adapter.m in Sources */ = {isa = PBXBuildFile; fileRef = 776C11691B92B63A0071437C /* EventItem+Adapter.m */; };
		776C11721B9738760071437C /* MenuBarView.m in Sources */ = {isa = PBXBuildFile; fileRef = 776C11711B9738760071437C /* MenuBarView.m */; };
		776C11771B9741560071437C /* CreateEventViewController.m in Sources */ = {isa = PBXBuildFile; fileRef = 776C11761B9741560071437C /* CreateEventViewController.m */; };
		776CD4971B5D56D700366FBE /* CoreData.framework in Frameworks */ = {isa = PBXBuildFile; fileRef = 776CD4961B5D56D700366FBE /* CoreData.framework */; };
		77782D421B330DC800CC48F9 /* main.m in Sources */ = {isa = PBXBuildFile; fileRef = 77782D411B330DC800CC48F9 /* main.m */; };
		77782D451B330DC800CC48F9 /* AppDelegate.m in Sources */ = {isa = PBXBuildFile; fileRef = 77782D441B330DC800CC48F9 /* AppDelegate.m */; };
		77782D5F1B330DC800CC48F9 /* SimpleDoTests.m in Sources */ = {isa = PBXBuildFile; fileRef = 77782D5E1B330DC800CC48F9 /* SimpleDoTests.m */; };
		778919DF1B67ACEF00CCE74C /* PagesDataManager.m in Sources */ = {isa = PBXBuildFile; fileRef = 778919DE1B67ACEF00CCE74C /* PagesDataManager.m */; };
		778919E81B67CEB400CCE74C /* PageNavigationBar.m in Sources */ = {isa = PBXBuildFile; fileRef = 778919E71B67CEB400CCE74C /* PageNavigationBar.m */; };
		778919EF1B67E94900CCE74C /* PageNavigationItem.m in Sources */ = {isa = PBXBuildFile; fileRef = 778919EE1B67E94900CCE74C /* PageNavigationItem.m */; };
		778919F21B67ECA800CCE74C /* PageDataItem.m in Sources */ = {isa = PBXBuildFile; fileRef = 778919F11B67ECA800CCE74C /* PageDataItem.m */; };
		7794945A1B74F1DD009A5419 /* BaseTableView.m in Sources */ = {isa = PBXBuildFile; fileRef = 779494591B74F1DD009A5419 /* BaseTableView.m */; };
		779494681B7BA8B4009A5419 /* BaseSingleSectionDataManager.m in Sources */ = {isa = PBXBuildFile; fileRef = 779494671B7BA8B4009A5419 /* BaseSingleSectionDataManager.m */; };
		7794946B1B7BA8CA009A5419 /* BaseMutableSectionDataManager.m in Sources */ = {isa = PBXBuildFile; fileRef = 7794946A1B7BA8CA009A5419 /* BaseMutableSectionDataManager.m */; };
		779EDCA61B52888900EAE9E8 /* EventItem.m in Sources */ = {isa = PBXBuildFile; fileRef = 779EDC9C1B52888900EAE9E8 /* EventItem.m */; };
		779EDCA71B52888900EAE9E8 /* PersonItem.m in Sources */ = {isa = PBXBuildFile; fileRef = 779EDC9E1B52888900EAE9E8 /* PersonItem.m */; };
		779EDCA81B52888900EAE9E8 /* ProjectItem.m in Sources */ = {isa = PBXBuildFile; fileRef = 779EDCA01B52888900EAE9E8 /* ProjectItem.m */; };
		779EDCA91B52888900EAE9E8 /* SimpleDo.xcdatamodeld in Sources */ = {isa = PBXBuildFile; fileRef = 779EDCA11B52888900EAE9E8 /* SimpleDo.xcdatamodeld */; };
		77A12EB71B600CAE003EC8F6 /* UIView+Positioning.m in Sources */ = {isa = PBXBuildFile; fileRef = 77A12EB61B600CAE003EC8F6 /* UIView+Positioning.m */; };
		77DEDEF81B54101200189BC9 /* Localizable.strings in Resources */ = {isa = PBXBuildFile; fileRef = 77DEDEFA1B54101200189BC9 /* Localizable.strings */; };
		77E2974C1B63CB9700B12AB2 /* ClockPlateViewController.m in Sources */ = {isa = PBXBuildFile; fileRef = 77E2973C1B63CB9700B12AB2 /* ClockPlateViewController.m */; };
		77E2974D1B63CB9700B12AB2 /* ClockPlateDataManager.m in Sources */ = {isa = PBXBuildFile; fileRef = 77E2973F1B63CB9700B12AB2 /* ClockPlateDataManager.m */; };
		77E2974E1B63CB9700B12AB2 /* AnimatedWaveView.m in Sources */ = {isa = PBXBuildFile; fileRef = 77E297421B63CB9700B12AB2 /* AnimatedWaveView.m */; };
		77E2974F1B63CB9700B12AB2 /* ClockPlateView.m in Sources */ = {isa = PBXBuildFile; fileRef = 77E297441B63CB9700B12AB2 /* ClockPlateView.m */; };
		77E297501B63CB9700B12AB2 /* RhombusCell.m in Sources */ = {isa = PBXBuildFile; fileRef = 77E297461B63CB9700B12AB2 /* RhombusCell.m */; };
		77E297511B63CB9700B12AB2 /* RhombusViewLayout.m in Sources */ = {isa = PBXBuildFile; fileRef = 77E297481B63CB9700B12AB2 /* RhombusViewLayout.m */; };
		77E297571B63D1BB00B12AB2 /* BaseViewController.m in Sources */ = {isa = PBXBuildFile; fileRef = 77E297561B63D1BB00B12AB2 /* BaseViewController.m */; };
		77E2975E1B63D28B00B12AB2 /* MainController.m in Sources */ = {isa = PBXBuildFile; fileRef = 77E2975D1B63D28B00B12AB2 /* MainController.m */; };
		77E297681B666ED800B12AB2 /* PagesControlViewController.m in Sources */ = {isa = PBXBuildFile; fileRef = 77E297651B666ED800B12AB2 /* PagesControlViewController.m */; };
		77E2976E1B667AF600B12AB2 /* BaseCollectionView.m in Sources */ = {isa = PBXBuildFile; fileRef = 77E2976D1B667AF600B12AB2 /* BaseCollectionView.m */; };
		77E297711B667D5700B12AB2 /* PagesControlView.m in Sources */ = {isa = PBXBuildFile; fileRef = 77E297701B667D5700B12AB2 /* PagesControlView.m */; };
		77EAE53D1B6BD9ED00D7395D /* EventDisplayDataManager.m in Sources */ = {isa = PBXBuildFile; fileRef = 77EAE53C1B6BD9ED00D7395D /* EventDisplayDataManager.m */; };
		77EAE5671B711AE900D7395D /* EventsListView.m in Sources */ = {isa = PBXBuildFile; fileRef = 77EAE5661B711AE900D7395D /* EventsListView.m */; };
		77EAE56A1B711BD300D7395D /* EventsDisplayViewController.m in Sources */ = {isa = PBXBuildFile; fileRef = 77EAE5691B711BD300D7395D /* EventsDisplayViewController.m */; };
		77FE86301B5018F1000A147A /* Images.xcassets in Resources */ = {isa = PBXBuildFile; fileRef = 77FE862F1B5018F1000A147A /* Images.xcassets */; };
		9BE4223D58C923AAB4394FBB /* libPods.a in Frameworks */ = {isa = PBXBuildFile; fileRef = 7691BA57FB0010B626317E60 /* libPods.a */; };
/* End PBXBuildFile section */

/* Begin PBXContainerItemProxy section */
		77782D591B330DC800CC48F9 /* PBXContainerItemProxy */ = {
			isa = PBXContainerItemProxy;
			containerPortal = 77782D341B330DC800CC48F9 /* Project object */;
			proxyType = 1;
			remoteGlobalIDString = 77782D3B1B330DC800CC48F9;
			remoteInfo = SimpleDo;
		};
/* End PBXContainerItemProxy section */

/* Begin PBXFileReference section */
		7400CAC9AE85D6FC5528E120 /* Pods.release.xcconfig */ = {isa = PBXFileReference; includeInIndex = 1; lastKnownFileType = text.xcconfig; name = Pods.release.xcconfig; path = "Pods/Target Support Files/Pods/Pods.release.xcconfig"; sourceTree = "<group>"; };
		7691BA57FB0010B626317E60 /* libPods.a */ = {isa = PBXFileReference; explicitFileType = archive.ar; includeInIndex = 0; path = libPods.a; sourceTree = BUILT_PRODUCTS_DIR; };
		7719369E1B84D039001740EC /* BaseFetchedControllerDataManager.h */ = {isa = PBXFileReference; fileEncoding = 4; lastKnownFileType = sourcecode.c.h; path = BaseFetchedControllerDataManager.h; sourceTree = "<group>"; };
		7719369F1B84D039001740EC /* BaseFetchedControllerDataManager.m */ = {isa = PBXFileReference; fileEncoding = 4; lastKnownFileType = sourcecode.c.objc; path = BaseFetchedControllerDataManager.m; sourceTree = "<group>"; };
		771DC2901B5EC9EF008B4F9A /* EventItemStore.h */ = {isa = PBXFileReference; fileEncoding = 4; lastKnownFileType = sourcecode.c.h; name = EventItemStore.h; path = CoreDataModel/XcdataStore/EventItemStore.h; sourceTree = SOURCE_ROOT; };
		771DC2911B5EC9EF008B4F9A /* EventItemStore.m */ = {isa = PBXFileReference; fileEncoding = 4; lastKnownFileType = sourcecode.c.objc; name = EventItemStore.m; path = CoreDataModel/XcdataStore/EventItemStore.m; sourceTree = SOURCE_ROOT; };
		771DC2931B5ECD88008B4F9A /* BaseManagedObjectStore.h */ = {isa = PBXFileReference; fileEncoding = 4; lastKnownFileType = sourcecode.c.h; name = BaseManagedObjectStore.h; path = CoreDataModel/XcdataStore/BaseManagedObjectStore.h; sourceTree = SOURCE_ROOT; };
		771DC2941B5ECD88008B4F9A /* BaseManagedObjectStore.m */ = {isa = PBXFileReference; fileEncoding = 4; lastKnownFileType = sourcecode.c.objc; name = BaseManagedObjectStore.m; path = CoreDataModel/XcdataStore/BaseManagedObjectStore.m; sourceTree = SOURCE_ROOT; };
		772859CE1B4D8C3100204E24 /* Base */ = {isa = PBXFileReference; lastKnownFileType = file.xib; name = Base; path = Base.lproj/LaunchScreen.xib; sourceTree = "<group>"; };
		772859D01B4D8C3100204E24 /* Base */ = {isa = PBXFileReference; lastKnownFileType = file.storyboard; name = Base; path = Base.lproj/Main.storyboard; sourceTree = "<group>"; };
		7746D7DA1B9BDC1B008966FA /* CreateEventItemControl.h */ = {isa = PBXFileReference; fileEncoding = 4; lastKnownFileType = sourcecode.c.h; path = CreateEventItemControl.h; sourceTree = "<group>"; };
		7746D7DB1B9BDC1B008966FA /* CreateEventItemControl.m */ = {isa = PBXFileReference; fileEncoding = 4; lastKnownFileType = sourcecode.c.objc; path = CreateEventItemControl.m; sourceTree = "<group>"; };
		7746D7DD1B9BDE9F008966FA /* EventLevelSelectView.h */ = {isa = PBXFileReference; fileEncoding = 4; lastKnownFileType = sourcecode.c.h; path = EventLevelSelectView.h; sourceTree = "<group>"; };
		7746D7DE1B9BDE9F008966FA /* EventLevelSelectView.m */ = {isa = PBXFileReference; fileEncoding = 4; lastKnownFileType = sourcecode.c.objc; path = EventLevelSelectView.m; sourceTree = "<group>"; };
		776C114C1B913EAC0071437C /* GKIndicatorView.h */ = {isa = PBXFileReference; fileEncoding = 4; lastKnownFileType = sourcecode.c.h; path = GKIndicatorView.h; sourceTree = "<group>"; };
		776C114D1B913EAC0071437C /* GKIndicatorView.m */ = {isa = PBXFileReference; fileEncoding = 4; lastKnownFileType = sourcecode.c.objc; path = GKIndicatorView.m; sourceTree = "<group>"; };
		776C114E1B913EAC0071437C /* UIScrollView+GKRefresh.h */ = {isa = PBXFileReference; fileEncoding = 4; lastKnownFileType = sourcecode.c.h; path = "UIScrollView+GKRefresh.h"; sourceTree = "<group>"; };
		776C114F1B913EAC0071437C /* UIScrollView+GKRefresh.m */ = {isa = PBXFileReference; fileEncoding = 4; lastKnownFileType = sourcecode.c.objc; path = "UIScrollView+GKRefresh.m"; sourceTree = "<group>"; };
		776C11531B9298890071437C /* QCMethod.h */ = {isa = PBXFileReference; fileEncoding = 4; lastKnownFileType = sourcecode.c.h; path = QCMethod.h; sourceTree = "<group>"; };
		776C11541B9298890071437C /* QCMethod.m */ = {isa = PBXFileReference; fileEncoding = 4; lastKnownFileType = sourcecode.c.objc; path = QCMethod.m; sourceTree = "<group>"; };
		776C11561B9299010071437C /* SquareView.h */ = {isa = PBXFileReference; fileEncoding = 4; lastKnownFileType = sourcecode.c.h; path = SquareView.h; sourceTree = "<group>"; };
		776C11571B9299010071437C /* SquareView.m */ = {isa = PBXFileReference; fileEncoding = 4; lastKnownFileType = sourcecode.c.objc; path = SquareView.m; sourceTree = "<group>"; };
		776C11591B92A2F20071437C /* EventTableViewCell.h */ = {isa = PBXFileReference; fileEncoding = 4; lastKnownFileType = sourcecode.c.h; path = EventTableViewCell.h; sourceTree = "<group>"; };
		776C115A1B92A2F20071437C /* EventTableViewCell.m */ = {isa = PBXFileReference; fileEncoding = 4; lastKnownFileType = sourcecode.c.objc; path = EventTableViewCell.m; sourceTree = "<group>"; };
		776C115C1B92A3080071437C /* EventSectionView.h */ = {isa = PBXFileReference; fileEncoding = 4; lastKnownFileType = sourcecode.c.h; path = EventSectionView.h; sourceTree = "<group>"; };
		776C115D1B92A3080071437C /* EventSectionView.m */ = {isa = PBXFileReference; fileEncoding = 4; lastKnownFileType = sourcecode.c.objc; path = EventSectionView.m; sourceTree = "<group>"; };
		776C11601B92A54D0071437C /* GKSelectedView.h */ = {isa = PBXFileReference; fileEncoding = 4; lastKnownFileType = sourcecode.c.h; path = GKSelectedView.h; sourceTree = "<group>"; };
		776C11611B92A54D0071437C /* GKSelectedView.m */ = {isa = PBXFileReference; fileEncoding = 4; lastKnownFileType = sourcecode.c.objc; path = GKSelectedView.m; sourceTree = "<group>"; };
		776C11691B92B63A0071437C /* EventItem+Adapter.m */ = {isa = PBXFileReference; fileEncoding = 4; lastKnownFileType = sourcecode.c.objc; path = "EventItem+Adapter.m"; sourceTree = "<group>"; };
		776C11701B9738760071437C /* MenuBarView.h */ = {isa = PBXFileReference; fileEncoding = 4; lastKnownFileType = sourcecode.c.h; path = MenuBarView.h; sourceTree = "<group>"; };
		776C11711B9738760071437C /* MenuBarView.m */ = {isa = PBXFileReference; fileEncoding = 4; lastKnownFileType = sourcecode.c.objc; path = MenuBarView.m; sourceTree = "<group>"; };
		776C11751B9741560071437C /* CreateEventViewController.h */ = {isa = PBXFileReference; fileEncoding = 4; lastKnownFileType = sourcecode.c.h; path = CreateEventViewController.h; sourceTree = "<group>"; };
		776C11761B9741560071437C /* CreateEventViewController.m */ = {isa = PBXFileReference; fileEncoding = 4; lastKnownFileType = sourcecode.c.objc; path = CreateEventViewController.m; sourceTree = "<group>"; };
		776CD4961B5D56D700366FBE /* CoreData.framework */ = {isa = PBXFileReference; lastKnownFileType = wrapper.framework; name = CoreData.framework; path = System/Library/Frameworks/CoreData.framework; sourceTree = SDKROOT; };
		77782D3C1B330DC800CC48F9 /* SimpleDo.app */ = {isa = PBXFileReference; explicitFileType = wrapper.application; includeInIndex = 0; path = SimpleDo.app; sourceTree = BUILT_PRODUCTS_DIR; };
		77782D401B330DC800CC48F9 /* Info.plist */ = {isa = PBXFileReference; lastKnownFileType = text.plist.xml; path = Info.plist; sourceTree = "<group>"; };
		77782D411B330DC800CC48F9 /* main.m */ = {isa = PBXFileReference; lastKnownFileType = sourcecode.c.objc; path = main.m; sourceTree = "<group>"; };
		77782D431B330DC800CC48F9 /* AppDelegate.h */ = {isa = PBXFileReference; lastKnownFileType = sourcecode.c.h; path = AppDelegate.h; sourceTree = "<group>"; };
		77782D441B330DC800CC48F9 /* AppDelegate.m */ = {isa = PBXFileReference; lastKnownFileType = sourcecode.c.objc; path = AppDelegate.m; sourceTree = "<group>"; };
		77782D581B330DC800CC48F9 /* SimpleDoTests.xctest */ = {isa = PBXFileReference; explicitFileType = wrapper.cfbundle; includeInIndex = 0; path = SimpleDoTests.xctest; sourceTree = BUILT_PRODUCTS_DIR; };
		77782D5D1B330DC800CC48F9 /* Info.plist */ = {isa = PBXFileReference; lastKnownFileType = text.plist.xml; path = Info.plist; sourceTree = "<group>"; };
		77782D5E1B330DC800CC48F9 /* SimpleDoTests.m */ = {isa = PBXFileReference; lastKnownFileType = sourcecode.c.objc; path = SimpleDoTests.m; sourceTree = "<group>"; };
		77782DBE1B35BD9F00CC48F9 /* EventItemChangedDelegate.h */ = {isa = PBXFileReference; fileEncoding = 4; lastKnownFileType = sourcecode.c.h; path = EventItemChangedDelegate.h; sourceTree = "<group>"; };
		77782DBF1B35BDC800CC48F9 /* TimeLineDelegate.h */ = {isa = PBXFileReference; fileEncoding = 4; lastKnownFileType = sourcecode.c.h; path = TimeLineDelegate.h; sourceTree = "<group>"; };
		77782DC01B35BEAC00CC48F9 /* DialPlateDelegate.h */ = {isa = PBXFileReference; fileEncoding = 4; lastKnownFileType = sourcecode.c.h; path = DialPlateDelegate.h; sourceTree = "<group>"; };
		778919DD1B67ACEF00CCE74C /* PagesDataManager.h */ = {isa = PBXFileReference; fileEncoding = 4; lastKnownFileType = sourcecode.c.h; path = PagesDataManager.h; sourceTree = "<group>"; };
		778919DE1B67ACEF00CCE74C /* PagesDataManager.m */ = {isa = PBXFileReference; fileEncoding = 4; lastKnownFileType = sourcecode.c.objc; path = PagesDataManager.m; sourceTree = "<group>"; };
		778919E11B67AE8F00CCE74C /* BaseMVCProtocol.h */ = {isa = PBXFileReference; fileEncoding = 4; lastKnownFileType = sourcecode.c.h; path = BaseMVCProtocol.h; sourceTree = "<group>"; };
		778919E61B67CEB400CCE74C /* PageNavigationBar.h */ = {isa = PBXFileReference; fileEncoding = 4; lastKnownFileType = sourcecode.c.h; path = PageNavigationBar.h; sourceTree = "<group>"; };
		778919E71B67CEB400CCE74C /* PageNavigationBar.m */ = {isa = PBXFileReference; fileEncoding = 4; lastKnownFileType = sourcecode.c.objc; path = PageNavigationBar.m; sourceTree = "<group>"; };
		778919ED1B67E94900CCE74C /* PageNavigationItem.h */ = {isa = PBXFileReference; fileEncoding = 4; lastKnownFileType = sourcecode.c.h; path = PageNavigationItem.h; sourceTree = "<group>"; };
		778919EE1B67E94900CCE74C /* PageNavigationItem.m */ = {isa = PBXFileReference; fileEncoding = 4; lastKnownFileType = sourcecode.c.objc; path = PageNavigationItem.m; sourceTree = "<group>"; };
		778919F01B67ECA800CCE74C /* PageDataItem.h */ = {isa = PBXFileReference; fileEncoding = 4; lastKnownFileType = sourcecode.c.h; path = PageDataItem.h; sourceTree = "<group>"; };
		778919F11B67ECA800CCE74C /* PageDataItem.m */ = {isa = PBXFileReference; fileEncoding = 4; lastKnownFileType = sourcecode.c.objc; path = PageDataItem.m; sourceTree = "<group>"; };
		779494581B74F1DD009A5419 /* BaseTableView.h */ = {isa = PBXFileReference; fileEncoding = 4; lastKnownFileType = sourcecode.c.h; name = BaseTableView.h; path = BaseView/BaseTableView.h; sourceTree = "<group>"; };
		779494591B74F1DD009A5419 /* BaseTableView.m */ = {isa = PBXFileReference; fileEncoding = 4; lastKnownFileType = sourcecode.c.objc; name = BaseTableView.m; path = BaseView/BaseTableView.m; sourceTree = "<group>"; };
		779494661B7BA8B4009A5419 /* BaseSingleSectionDataManager.h */ = {isa = PBXFileReference; fileEncoding = 4; lastKnownFileType = sourcecode.c.h; path = BaseSingleSectionDataManager.h; sourceTree = "<group>"; };
		779494671B7BA8B4009A5419 /* BaseSingleSectionDataManager.m */ = {isa = PBXFileReference; fileEncoding = 4; lastKnownFileType = sourcecode.c.objc; path = BaseSingleSectionDataManager.m; sourceTree = "<group>"; };
		779494691B7BA8CA009A5419 /* BaseMutableSectionDataManager.h */ = {isa = PBXFileReference; fileEncoding = 4; lastKnownFileType = sourcecode.c.h; path = BaseMutableSectionDataManager.h; sourceTree = "<group>"; };
		7794946A1B7BA8CA009A5419 /* BaseMutableSectionDataManager.m */ = {isa = PBXFileReference; fileEncoding = 4; lastKnownFileType = sourcecode.c.objc; path = BaseMutableSectionDataManager.m; sourceTree = "<group>"; };
		779EDC9B1B52888900EAE9E8 /* EventItem.h */ = {isa = PBXFileReference; fileEncoding = 4; lastKnownFileType = sourcecode.c.h; path = EventItem.h; sourceTree = "<group>"; };
		779EDC9C1B52888900EAE9E8 /* EventItem.m */ = {isa = PBXFileReference; fileEncoding = 4; lastKnownFileType = sourcecode.c.objc; path = EventItem.m; sourceTree = "<group>"; };
		779EDC9D1B52888900EAE9E8 /* PersonItem.h */ = {isa = PBXFileReference; fileEncoding = 4; lastKnownFileType = sourcecode.c.h; path = PersonItem.h; sourceTree = "<group>"; };
		779EDC9E1B52888900EAE9E8 /* PersonItem.m */ = {isa = PBXFileReference; fileEncoding = 4; lastKnownFileType = sourcecode.c.objc; path = PersonItem.m; sourceTree = "<group>"; };
		779EDC9F1B52888900EAE9E8 /* ProjectItem.h */ = {isa = PBXFileReference; fileEncoding = 4; lastKnownFileType = sourcecode.c.h; path = ProjectItem.h; sourceTree = "<group>"; };
		779EDCA01B52888900EAE9E8 /* ProjectItem.m */ = {isa = PBXFileReference; fileEncoding = 4; lastKnownFileType = sourcecode.c.objc; path = ProjectItem.m; sourceTree = "<group>"; };
		779EDCA21B52888900EAE9E8 /* SimpleDo.xcdatamodel */ = {isa = PBXFileReference; lastKnownFileType = wrapper.xcdatamodel; path = SimpleDo.xcdatamodel; sourceTree = "<group>"; };
		779EDCC71B52B34300EAE9E8 /* SimpleDo.pch */ = {isa = PBXFileReference; lastKnownFileType = sourcecode.c.h; path = SimpleDo.pch; sourceTree = "<group>"; };
		77A12EB51B600CAE003EC8F6 /* UIView+Positioning.h */ = {isa = PBXFileReference; fileEncoding = 4; lastKnownFileType = sourcecode.c.h; path = "UIView+Positioning.h"; sourceTree = "<group>"; };
		77A12EB61B600CAE003EC8F6 /* UIView+Positioning.m */ = {isa = PBXFileReference; fileEncoding = 4; lastKnownFileType = sourcecode.c.objc; path = "UIView+Positioning.m"; sourceTree = "<group>"; };
		77DEDEF91B54101200189BC9 /* en */ = {isa = PBXFileReference; lastKnownFileType = text.plist.strings; name = en; path = en.lproj/Localizable.strings; sourceTree = "<group>"; };
		77DEDEFB1B54128E00189BC9 /* zh-Hans */ = {isa = PBXFileReference; lastKnownFileType = text.plist.strings; name = "zh-Hans"; path = "zh-Hans.lproj/Localizable.strings"; sourceTree = "<group>"; };
		77DEDEFC1B54128E00189BC9 /* zh-Hans */ = {isa = PBXFileReference; lastKnownFileType = text.plist.strings; name = "zh-Hans"; path = "zh-Hans.lproj/LaunchScreen.strings"; sourceTree = "<group>"; };
		77DEDEFD1B54128E00189BC9 /* zh-Hans */ = {isa = PBXFileReference; lastKnownFileType = text.plist.strings; name = "zh-Hans"; path = "zh-Hans.lproj/Main.strings"; sourceTree = "<group>"; };
		77E2973B1B63CB9700B12AB2 /* ClockPlateViewController.h */ = {isa = PBXFileReference; fileEncoding = 4; lastKnownFileType = sourcecode.c.h; path = ClockPlateViewController.h; sourceTree = "<group>"; };
		77E2973C1B63CB9700B12AB2 /* ClockPlateViewController.m */ = {isa = PBXFileReference; fileEncoding = 4; lastKnownFileType = sourcecode.c.objc; path = ClockPlateViewController.m; sourceTree = "<group>"; };
		77E2973E1B63CB9700B12AB2 /* ClockPlateDataManager.h */ = {isa = PBXFileReference; fileEncoding = 4; lastKnownFileType = sourcecode.c.h; path = ClockPlateDataManager.h; sourceTree = "<group>"; };
		77E2973F1B63CB9700B12AB2 /* ClockPlateDataManager.m */ = {isa = PBXFileReference; fileEncoding = 4; lastKnownFileType = sourcecode.c.objc; path = ClockPlateDataManager.m; sourceTree = "<group>"; };
		77E297411B63CB9700B12AB2 /* AnimatedWaveView.h */ = {isa = PBXFileReference; fileEncoding = 4; lastKnownFileType = sourcecode.c.h; path = AnimatedWaveView.h; sourceTree = "<group>"; };
		77E297421B63CB9700B12AB2 /* AnimatedWaveView.m */ = {isa = PBXFileReference; fileEncoding = 4; lastKnownFileType = sourcecode.c.objc; path = AnimatedWaveView.m; sourceTree = "<group>"; };
		77E297431B63CB9700B12AB2 /* ClockPlateView.h */ = {isa = PBXFileReference; fileEncoding = 4; lastKnownFileType = sourcecode.c.h; path = ClockPlateView.h; sourceTree = "<group>"; };
		77E297441B63CB9700B12AB2 /* ClockPlateView.m */ = {isa = PBXFileReference; fileEncoding = 4; lastKnownFileType = sourcecode.c.objc; path = ClockPlateView.m; sourceTree = "<group>"; };
		77E297451B63CB9700B12AB2 /* RhombusCell.h */ = {isa = PBXFileReference; fileEncoding = 4; lastKnownFileType = sourcecode.c.h; path = RhombusCell.h; sourceTree = "<group>"; };
		77E297461B63CB9700B12AB2 /* RhombusCell.m */ = {isa = PBXFileReference; fileEncoding = 4; lastKnownFileType = sourcecode.c.objc; path = RhombusCell.m; sourceTree = "<group>"; };
		77E297471B63CB9700B12AB2 /* RhombusViewLayout.h */ = {isa = PBXFileReference; fileEncoding = 4; lastKnownFileType = sourcecode.c.h; path = RhombusViewLayout.h; sourceTree = "<group>"; };
		77E297481B63CB9700B12AB2 /* RhombusViewLayout.m */ = {isa = PBXFileReference; fileEncoding = 4; lastKnownFileType = sourcecode.c.objc; path = RhombusViewLayout.m; sourceTree = "<group>"; };
		77E297551B63D1BB00B12AB2 /* BaseViewController.h */ = {isa = PBXFileReference; fileEncoding = 4; lastKnownFileType = sourcecode.c.h; name = BaseViewController.h; path = BaseViewController/BaseViewController.h; sourceTree = "<group>"; };
		77E297561B63D1BB00B12AB2 /* BaseViewController.m */ = {isa = PBXFileReference; fileEncoding = 4; lastKnownFileType = sourcecode.c.objc; name = BaseViewController.m; path = BaseViewController/BaseViewController.m; sourceTree = "<group>"; };
		77E2975C1B63D28B00B12AB2 /* MainController.h */ = {isa = PBXFileReference; fileEncoding = 4; lastKnownFileType = sourcecode.c.h; path = MainController.h; sourceTree = "<group>"; };
		77E2975D1B63D28B00B12AB2 /* MainController.m */ = {isa = PBXFileReference; fileEncoding = 4; lastKnownFileType = sourcecode.c.objc; path = MainController.m; sourceTree = "<group>"; };
		77E297641B666ED800B12AB2 /* PagesControlViewController.h */ = {isa = PBXFileReference; fileEncoding = 4; lastKnownFileType = sourcecode.c.h; path = PagesControlViewController.h; sourceTree = "<group>"; };
		77E297651B666ED800B12AB2 /* PagesControlViewController.m */ = {isa = PBXFileReference; fileEncoding = 4; lastKnownFileType = sourcecode.c.objc; path = PagesControlViewController.m; sourceTree = "<group>"; };
		77E2976C1B667AF600B12AB2 /* BaseCollectionView.h */ = {isa = PBXFileReference; fileEncoding = 4; lastKnownFileType = sourcecode.c.h; name = BaseCollectionView.h; path = BaseView/BaseCollectionView.h; sourceTree = "<group>"; };
		77E2976D1B667AF600B12AB2 /* BaseCollectionView.m */ = {isa = PBXFileReference; fileEncoding = 4; lastKnownFileType = sourcecode.c.objc; name = BaseCollectionView.m; path = BaseView/BaseCollectionView.m; sourceTree = "<group>"; };
		77E2976F1B667D5700B12AB2 /* PagesControlView.h */ = {isa = PBXFileReference; fileEncoding = 4; lastKnownFileType = sourcecode.c.h; path = PagesControlView.h; sourceTree = "<group>"; };
		77E297701B667D5700B12AB2 /* PagesControlView.m */ = {isa = PBXFileReference; fileEncoding = 4; lastKnownFileType = sourcecode.c.objc; path = PagesControlView.m; sourceTree = "<group>"; };
		77EAE53B1B6BD9ED00D7395D /* EventDisplayDataManager.h */ = {isa = PBXFileReference; fileEncoding = 4; lastKnownFileType = sourcecode.c.h; path = EventDisplayDataManager.h; sourceTree = "<group>"; };
		77EAE53C1B6BD9ED00D7395D /* EventDisplayDataManager.m */ = {isa = PBXFileReference; fileEncoding = 4; lastKnownFileType = sourcecode.c.objc; path = EventDisplayDataManager.m; sourceTree = "<group>"; };
		77EAE5651B711AE900D7395D /* EventsListView.h */ = {isa = PBXFileReference; fileEncoding = 4; lastKnownFileType = sourcecode.c.h; path = EventsListView.h; sourceTree = "<group>"; };
		77EAE5661B711AE900D7395D /* EventsListView.m */ = {isa = PBXFileReference; fileEncoding = 4; lastKnownFileType = sourcecode.c.objc; path = EventsListView.m; sourceTree = "<group>"; };
		77EAE5681B711BD300D7395D /* EventsDisplayViewController.h */ = {isa = PBXFileReference; fileEncoding = 4; lastKnownFileType = sourcecode.c.h; path = EventsDisplayViewController.h; sourceTree = "<group>"; };
		77EAE5691B711BD300D7395D /* EventsDisplayViewController.m */ = {isa = PBXFileReference; fileEncoding = 4; lastKnownFileType = sourcecode.c.objc; path = EventsDisplayViewController.m; sourceTree = "<group>"; };
		77F728851B5B677F00BCF981 /* AppEnum.h */ = {isa = PBXFileReference; lastKnownFileType = sourcecode.c.h; path = AppEnum.h; sourceTree = "<group>"; };
		77FE862F1B5018F1000A147A /* Images.xcassets */ = {isa = PBXFileReference; lastKnownFileType = folder.assetcatalog; path = Images.xcassets; sourceTree = "<group>"; };
		786C18BA72A8461CC3070F75 /* Pods.debug.xcconfig */ = {isa = PBXFileReference; includeInIndex = 1; lastKnownFileType = text.xcconfig; name = Pods.debug.xcconfig; path = "Pods/Target Support Files/Pods/Pods.debug.xcconfig"; sourceTree = "<group>"; };
/* End PBXFileReference section */

/* Begin PBXFrameworksBuildPhase section */
		77782D391B330DC800CC48F9 /* Frameworks */ = {
			isa = PBXFrameworksBuildPhase;
			buildActionMask = 2147483647;
			files = (
				776CD4971B5D56D700366FBE /* CoreData.framework in Frameworks */,
				9BE4223D58C923AAB4394FBB /* libPods.a in Frameworks */,
			);
			runOnlyForDeploymentPostprocessing = 0;
		};
		77782D551B330DC800CC48F9 /* Frameworks */ = {
			isa = PBXFrameworksBuildPhase;
			buildActionMask = 2147483647;
			files = (
			);
			runOnlyForDeploymentPostprocessing = 0;
		};
/* End PBXFrameworksBuildPhase section */

/* Begin PBXGroup section */
		775B64D81B6A5C0900E05F52 /* EventDisplayModule */ = {
			isa = PBXGroup;
			children = (
				775B64D91B6A5C4D00E05F52 /* Controllers */,
				775B64DA1B6A5C4D00E05F52 /* Model */,
				775B64DB1B6A5C4D00E05F52 /* Views */,
			);
			path = EventDisplayModule;
			sourceTree = "<group>";
		};
		775B64D91B6A5C4D00E05F52 /* Controllers */ = {
			isa = PBXGroup;
			children = (
				77EAE5681B711BD300D7395D /* EventsDisplayViewController.h */,
				77EAE5691B711BD300D7395D /* EventsDisplayViewController.m */,
				776C11751B9741560071437C /* CreateEventViewController.h */,
				776C11761B9741560071437C /* CreateEventViewController.m */,
			);
			path = Controllers;
			sourceTree = "<group>";
		};
		775B64DA1B6A5C4D00E05F52 /* Model */ = {
			isa = PBXGroup;
			children = (
				77EAE53B1B6BD9ED00D7395D /* EventDisplayDataManager.h */,
				77EAE53C1B6BD9ED00D7395D /* EventDisplayDataManager.m */,
			);
			path = Model;
			sourceTree = "<group>";
		};
		775B64DB1B6A5C4D00E05F52 /* Views */ = {
			isa = PBXGroup;
			children = (
				77EAE5651B711AE900D7395D /* EventsListView.h */,
				77EAE5661B711AE900D7395D /* EventsListView.m */,
				776C11591B92A2F20071437C /* EventTableViewCell.h */,
				776C115A1B92A2F20071437C /* EventTableViewCell.m */,
				776C115C1B92A3080071437C /* EventSectionView.h */,
				776C115D1B92A3080071437C /* EventSectionView.m */,
				7746D7DA1B9BDC1B008966FA /* CreateEventItemControl.h */,
				7746D7DB1B9BDC1B008966FA /* CreateEventItemControl.m */,
				7746D7DD1B9BDE9F008966FA /* EventLevelSelectView.h */,
				7746D7DE1B9BDE9F008966FA /* EventLevelSelectView.m */,
			);
			path = Views;
			sourceTree = "<group>";
		};
		776C114B1B913EAC0071437C /* RefreshControl */ = {
			isa = PBXGroup;
			children = (
				776C11561B9299010071437C /* SquareView.h */,
				776C11571B9299010071437C /* SquareView.m */,
				776C114C1B913EAC0071437C /* GKIndicatorView.h */,
				776C114D1B913EAC0071437C /* GKIndicatorView.m */,
				776C114E1B913EAC0071437C /* UIScrollView+GKRefresh.h */,
				776C114F1B913EAC0071437C /* UIScrollView+GKRefresh.m */,
			);
			path = RefreshControl;
			sourceTree = "<group>";
		};
		776C11521B9298890071437C /* QuartzCodeMethod */ = {
			isa = PBXGroup;
			children = (
				776C11531B9298890071437C /* QCMethod.h */,
				776C11541B9298890071437C /* QCMethod.m */,
			);
			path = QuartzCodeMethod;
			sourceTree = "<group>";
		};
		776C115F1B92A5170071437C /* Widget */ = {
			isa = PBXGroup;
			children = (
				776C11601B92A54D0071437C /* GKSelectedView.h */,
				776C11611B92A54D0071437C /* GKSelectedView.m */,
			);
			path = Widget;
			sourceTree = "<group>";
		};
		776C11671B92B6070071437C /* XcdataCategory */ = {
			isa = PBXGroup;
			children = (
				776C11691B92B63A0071437C /* EventItem+Adapter.m */,
			);
			path = XcdataCategory;
			sourceTree = "<group>";
		};
		776C11731B9738850071437C /* PagesControlView */ = {
			isa = PBXGroup;
			children = (
				77E2976F1B667D5700B12AB2 /* PagesControlView.h */,
				77E297701B667D5700B12AB2 /* PagesControlView.m */,
			);
			name = PagesControlView;
			sourceTree = "<group>";
		};
		776C11741B9738B60071437C /* MenuBarView */ = {
			isa = PBXGroup;
			children = (
				776C11701B9738760071437C /* MenuBarView.h */,
				776C11711B9738760071437C /* MenuBarView.m */,
			);
			name = MenuBarView;
			sourceTree = "<group>";
		};
		77782D331B330DC800CC48F9 = {
			isa = PBXGroup;
			children = (
				77782D3E1B330DC800CC48F9 /* SimpleDo */,
				779EDCAA1B52896C00EAE9E8 /* Modules */,
				779EDC911B52888900EAE9E8 /* CoreDataModel */,
				77FE862E1B5018AF000A147A /* Extension */,
				77FE862D1B501894000A147A /* Frameworks */,
				77782D941B332E4100CC48F9 /* Utils */,
				77782D951B332E4100CC48F9 /* Vendor */,
				7794945B1B74F2AB009A5419 /* Components */,
				776C115F1B92A5170071437C /* Widget */,
				77782D961B332E6E00CC48F9 /* Resource */,
				77782D5B1B330DC800CC48F9 /* SimpleDoTests */,
				77782D3D1B330DC800CC48F9 /* Products */,
				BED44B2DEED5834A222FE33A /* Pods */,
			);
			sourceTree = "<group>";
		};
		77782D3D1B330DC800CC48F9 /* Products */ = {
			isa = PBXGroup;
			children = (
				77782D3C1B330DC800CC48F9 /* SimpleDo.app */,
				77782D581B330DC800CC48F9 /* SimpleDoTests.xctest */,
			);
			name = Products;
			sourceTree = "<group>";
		};
		77782D3E1B330DC800CC48F9 /* SimpleDo */ = {
			isa = PBXGroup;
			children = (
				77782D431B330DC800CC48F9 /* AppDelegate.h */,
				77782D441B330DC800CC48F9 /* AppDelegate.m */,
				778919E21B67AFB500CCE74C /* BaseDataModel */,
				77782DBD1B35BC6C00CC48F9 /* Protocol */,
				77FE86321B5019A1000A147A /* BaseView */,
				77FE86311B501966000A147A /* BaseViewController */,
				77782D3F1B330DC800CC48F9 /* Supporting Files */,
			);
			path = SimpleDo;
			sourceTree = "<group>";
		};
		77782D3F1B330DC800CC48F9 /* Supporting Files */ = {
			isa = PBXGroup;
			children = (
				772859CD1B4D8C3100204E24 /* LaunchScreen.xib */,
				772859CF1B4D8C3100204E24 /* Main.storyboard */,
				77782D401B330DC800CC48F9 /* Info.plist */,
				77782D411B330DC800CC48F9 /* main.m */,
				779EDCC71B52B34300EAE9E8 /* SimpleDo.pch */,
				77DEDEFA1B54101200189BC9 /* Localizable.strings */,
				77F728851B5B677F00BCF981 /* AppEnum.h */,
			);
			name = "Supporting Files";
			sourceTree = "<group>";
		};
		77782D5B1B330DC800CC48F9 /* SimpleDoTests */ = {
			isa = PBXGroup;
			children = (
				77782D5E1B330DC800CC48F9 /* SimpleDoTests.m */,
				77782D5C1B330DC800CC48F9 /* Supporting Files */,
			);
			path = SimpleDoTests;
			sourceTree = "<group>";
		};
		77782D5C1B330DC800CC48F9 /* Supporting Files */ = {
			isa = PBXGroup;
			children = (
				77782D5D1B330DC800CC48F9 /* Info.plist */,
			);
			name = "Supporting Files";
			sourceTree = "<group>";
		};
		77782D941B332E4100CC48F9 /* Utils */ = {
			isa = PBXGroup;
			children = (
				776C11521B9298890071437C /* QuartzCodeMethod */,
			);
			path = Utils;
			sourceTree = "<group>";
		};
		77782D951B332E4100CC48F9 /* Vendor */ = {
			isa = PBXGroup;
			children = (
			);
			path = Vendor;
			sourceTree = "<group>";
		};
		77782D961B332E6E00CC48F9 /* Resource */ = {
			isa = PBXGroup;
			children = (
				77FE862F1B5018F1000A147A /* Images.xcassets */,
			);
			path = Resource;
			sourceTree = "<group>";
		};
		77782DBD1B35BC6C00CC48F9 /* Protocol */ = {
			isa = PBXGroup;
			children = (
				77782DBE1B35BD9F00CC48F9 /* EventItemChangedDelegate.h */,
				77782DBF1B35BDC800CC48F9 /* TimeLineDelegate.h */,
				77782DC01B35BEAC00CC48F9 /* DialPlateDelegate.h */,
				778919E11B67AE8F00CCE74C /* BaseMVCProtocol.h */,
			);
			name = Protocol;
			path = ../Protocol;
			sourceTree = "<group>";
		};
		778919E21B67AFB500CCE74C /* BaseDataModel */ = {
			isa = PBXGroup;
			children = (
				779494661B7BA8B4009A5419 /* BaseSingleSectionDataManager.h */,
				779494671B7BA8B4009A5419 /* BaseSingleSectionDataManager.m */,
				779494691B7BA8CA009A5419 /* BaseMutableSectionDataManager.h */,
				7794946A1B7BA8CA009A5419 /* BaseMutableSectionDataManager.m */,
				7719369E1B84D039001740EC /* BaseFetchedControllerDataManager.h */,
				7719369F1B84D039001740EC /* BaseFetchedControllerDataManager.m */,
			);
			path = BaseDataModel;
			sourceTree = "<group>";
		};
		778919EC1B67DBB400CCE74C /* PageNavigationBar */ = {
			isa = PBXGroup;
			children = (
				778919E61B67CEB400CCE74C /* PageNavigationBar.h */,
				778919E71B67CEB400CCE74C /* PageNavigationBar.m */,
				778919ED1B67E94900CCE74C /* PageNavigationItem.h */,
				778919EE1B67E94900CCE74C /* PageNavigationItem.m */,
			);
			name = PageNavigationBar;
			sourceTree = "<group>";
		};
		7794945B1B74F2AB009A5419 /* Components */ = {
			isa = PBXGroup;
			children = (
				776C114B1B913EAC0071437C /* RefreshControl */,
			);
			path = Components;
			sourceTree = "<group>";
		};
		779EDC911B52888900EAE9E8 /* CoreDataModel */ = {
			isa = PBXGroup;
			children = (
				776C11671B92B6070071437C /* XcdataCategory */,
				779EDC951B52888900EAE9E8 /* XcdataStore */,
				779EDC9A1B52888900EAE9E8 /* Xcdatamodeld */,
			);
			path = CoreDataModel;
			sourceTree = "<group>";
		};
		779EDC951B52888900EAE9E8 /* XcdataStore */ = {
			isa = PBXGroup;
			children = (
				771DC2931B5ECD88008B4F9A /* BaseManagedObjectStore.h */,
				771DC2941B5ECD88008B4F9A /* BaseManagedObjectStore.m */,
				771DC2901B5EC9EF008B4F9A /* EventItemStore.h */,
				771DC2911B5EC9EF008B4F9A /* EventItemStore.m */,
			);
			name = XcdataStore;
			path = XcdataManager;
			sourceTree = "<group>";
		};
		779EDC9A1B52888900EAE9E8 /* Xcdatamodeld */ = {
			isa = PBXGroup;
			children = (
				779EDC9B1B52888900EAE9E8 /* EventItem.h */,
				779EDC9C1B52888900EAE9E8 /* EventItem.m */,
				779EDC9D1B52888900EAE9E8 /* PersonItem.h */,
				779EDC9E1B52888900EAE9E8 /* PersonItem.m */,
				779EDC9F1B52888900EAE9E8 /* ProjectItem.h */,
				779EDCA01B52888900EAE9E8 /* ProjectItem.m */,
				779EDCA11B52888900EAE9E8 /* SimpleDo.xcdatamodeld */,
			);
			path = Xcdatamodeld;
			sourceTree = "<group>";
		};
		779EDCAA1B52896C00EAE9E8 /* Modules */ = {
			isa = PBXGroup;
			children = (
				775B64D81B6A5C0900E05F52 /* EventDisplayModule */,
				77E297491B63CB9700B12AB2 /* MainModule */,
				77E2975F1B666CD600B12AB2 /* PagesControlModule */,
				77E297391B63CB9700B12AB2 /* ClockPlateModule */,
				77E2974A1B63CB9700B12AB2 /* NetWorkModule */,
				77E2974B1B63CB9700B12AB2 /* PublicModule */,
			);
			path = Modules;
			sourceTree = "<group>";
		};
		77E297391B63CB9700B12AB2 /* ClockPlateModule */ = {
			isa = PBXGroup;
			children = (
				77E2973A1B63CB9700B12AB2 /* Controllers */,
				77E2973D1B63CB9700B12AB2 /* Model */,
				77E297401B63CB9700B12AB2 /* Views */,
			);
			path = ClockPlateModule;
			sourceTree = "<group>";
		};
		77E2973A1B63CB9700B12AB2 /* Controllers */ = {
			isa = PBXGroup;
			children = (
				77E2973B1B63CB9700B12AB2 /* ClockPlateViewController.h */,
				77E2973C1B63CB9700B12AB2 /* ClockPlateViewController.m */,
			);
			path = Controllers;
			sourceTree = "<group>";
		};
		77E2973D1B63CB9700B12AB2 /* Model */ = {
			isa = PBXGroup;
			children = (
				77E2973E1B63CB9700B12AB2 /* ClockPlateDataManager.h */,
				77E2973F1B63CB9700B12AB2 /* ClockPlateDataManager.m */,
			);
			path = Model;
			sourceTree = "<group>";
		};
		77E297401B63CB9700B12AB2 /* Views */ = {
			isa = PBXGroup;
			children = (
				77E297411B63CB9700B12AB2 /* AnimatedWaveView.h */,
				77E297421B63CB9700B12AB2 /* AnimatedWaveView.m */,
				77E297431B63CB9700B12AB2 /* ClockPlateView.h */,
				77E297441B63CB9700B12AB2 /* ClockPlateView.m */,
				77E297451B63CB9700B12AB2 /* RhombusCell.h */,
				77E297461B63CB9700B12AB2 /* RhombusCell.m */,
				77E297471B63CB9700B12AB2 /* RhombusViewLayout.h */,
				77E297481B63CB9700B12AB2 /* RhombusViewLayout.m */,
			);
			path = Views;
			sourceTree = "<group>";
		};
		77E297491B63CB9700B12AB2 /* MainModule */ = {
			isa = PBXGroup;
			children = (
				77E2975B1B63D28B00B12AB2 /* Controllers */,
			);
			name = MainModule;
			path = MineModule;
			sourceTree = "<group>";
		};
		77E2974A1B63CB9700B12AB2 /* NetWorkModule */ = {
			isa = PBXGroup;
			children = (
			);
			path = NetWorkModule;
			sourceTree = "<group>";
		};
		77E2974B1B63CB9700B12AB2 /* PublicModule */ = {
			isa = PBXGroup;
			children = (
			);
			path = PublicModule;
			sourceTree = "<group>";
		};
		77E2975B1B63D28B00B12AB2 /* Controllers */ = {
			isa = PBXGroup;
			children = (
				77E2975C1B63D28B00B12AB2 /* MainController.h */,
				77E2975D1B63D28B00B12AB2 /* MainController.m */,
			);
			name = Controllers;
			path = Modules/MainModule/Controllers;
			sourceTree = SOURCE_ROOT;
		};
		77E2975F1B666CD600B12AB2 /* PagesControlModule */ = {
			isa = PBXGroup;
			children = (
				77E297631B666ED800B12AB2 /* Controllers */,
				77E297661B666ED800B12AB2 /* Model */,
				77E297671B666ED800B12AB2 /* Views */,
			);
			path = PagesControlModule;
			sourceTree = "<group>";
		};
		77E297631B666ED800B12AB2 /* Controllers */ = {
			isa = PBXGroup;
			children = (
				77E297641B666ED800B12AB2 /* PagesControlViewController.h */,
				77E297651B666ED800B12AB2 /* PagesControlViewController.m */,
			);
			path = Controllers;
			sourceTree = "<group>";
		};
		77E297661B666ED800B12AB2 /* Model */ = {
			isa = PBXGroup;
			children = (
				778919DD1B67ACEF00CCE74C /* PagesDataManager.h */,
				778919DE1B67ACEF00CCE74C /* PagesDataManager.m */,
				778919F01B67ECA800CCE74C /* PageDataItem.h */,
				778919F11B67ECA800CCE74C /* PageDataItem.m */,
			);
			path = Model;
			sourceTree = "<group>";
		};
		77E297671B666ED800B12AB2 /* Views */ = {
			isa = PBXGroup;
			children = (
				776C11741B9738B60071437C /* MenuBarView */,
				776C11731B9738850071437C /* PagesControlView */,
				778919EC1B67DBB400CCE74C /* PageNavigationBar */,
			);
			path = Views;
			sourceTree = "<group>";
		};
		77FE862D1B501894000A147A /* Frameworks */ = {
			isa = PBXGroup;
			children = (
				776CD4961B5D56D700366FBE /* CoreData.framework */,
				7691BA57FB0010B626317E60 /* libPods.a */,
			);
			path = Frameworks;
			sourceTree = "<group>";
		};
		77FE862E1B5018AF000A147A /* Extension */ = {
			isa = PBXGroup;
			children = (
				77A12EB51B600CAE003EC8F6 /* UIView+Positioning.h */,
				77A12EB61B600CAE003EC8F6 /* UIView+Positioning.m */,
			);
			path = Extension;
			sourceTree = "<group>";
		};
		77FE86311B501966000A147A /* BaseViewController */ = {
			isa = PBXGroup;
			children = (
				77E297551B63D1BB00B12AB2 /* BaseViewController.h */,
				77E297561B63D1BB00B12AB2 /* BaseViewController.m */,
			);
			name = BaseViewController;
			sourceTree = "<group>";
		};
		77FE86321B5019A1000A147A /* BaseView */ = {
			isa = PBXGroup;
			children = (
				779494581B74F1DD009A5419 /* BaseTableView.h */,
				779494591B74F1DD009A5419 /* BaseTableView.m */,
				77E2976C1B667AF600B12AB2 /* BaseCollectionView.h */,
				77E2976D1B667AF600B12AB2 /* BaseCollectionView.m */,
			);
			name = BaseView;
			sourceTree = "<group>";
		};
		BED44B2DEED5834A222FE33A /* Pods */ = {
			isa = PBXGroup;
			children = (
				786C18BA72A8461CC3070F75 /* Pods.debug.xcconfig */,
				7400CAC9AE85D6FC5528E120 /* Pods.release.xcconfig */,
			);
			name = Pods;
			sourceTree = "<group>";
		};
/* End PBXGroup section */

/* Begin PBXNativeTarget section */
		77782D3B1B330DC800CC48F9 /* SimpleDo */ = {
			isa = PBXNativeTarget;
			buildConfigurationList = 77782D621B330DC800CC48F9 /* Build configuration list for PBXNativeTarget "SimpleDo" */;
			buildPhases = (
				41B8911F87A6D79BCC796B40 /* Check Pods Manifest.lock */,
				77782D381B330DC800CC48F9 /* Sources */,
				77782D391B330DC800CC48F9 /* Frameworks */,
				77782D3A1B330DC800CC48F9 /* Resources */,
				C16842E0FB20913310C1A954 /* Copy Pods Resources */,
			);
			buildRules = (
			);
			dependencies = (
			);
			name = SimpleDo;
			productName = SimpleDo;
			productReference = 77782D3C1B330DC800CC48F9 /* SimpleDo.app */;
			productType = "com.apple.product-type.application";
		};
		77782D571B330DC800CC48F9 /* SimpleDoTests */ = {
			isa = PBXNativeTarget;
			buildConfigurationList = 77782D651B330DC800CC48F9 /* Build configuration list for PBXNativeTarget "SimpleDoTests" */;
			buildPhases = (
				77782D541B330DC800CC48F9 /* Sources */,
				77782D551B330DC800CC48F9 /* Frameworks */,
				77782D561B330DC800CC48F9 /* Resources */,
			);
			buildRules = (
			);
			dependencies = (
				77782D5A1B330DC800CC48F9 /* PBXTargetDependency */,
			);
			name = SimpleDoTests;
			productName = SimpleDoTests;
			productReference = 77782D581B330DC800CC48F9 /* SimpleDoTests.xctest */;
			productType = "com.apple.product-type.bundle.unit-test";
		};
/* End PBXNativeTarget section */

/* Begin PBXProject section */
		77782D341B330DC800CC48F9 /* Project object */ = {
			isa = PBXProject;
			attributes = {
				LastUpgradeCheck = 0630;
				ORGANIZATIONNAME = gukong;
				TargetAttributes = {
					77782D3B1B330DC800CC48F9 = {
						CreatedOnToolsVersion = 6.3.1;
					};
					77782D571B330DC800CC48F9 = {
						CreatedOnToolsVersion = 6.3.1;
						TestTargetID = 77782D3B1B330DC800CC48F9;
					};
				};
			};
			buildConfigurationList = 77782D371B330DC800CC48F9 /* Build configuration list for PBXProject "SimpleDo" */;
			compatibilityVersion = "Xcode 3.2";
			developmentRegion = English;
			hasScannedForEncodings = 0;
			knownRegions = (
				en,
				Base,
				"zh-Hans",
			);
			mainGroup = 77782D331B330DC800CC48F9;
			productRefGroup = 77782D3D1B330DC800CC48F9 /* Products */;
			projectDirPath = "";
			projectRoot = "";
			targets = (
				77782D3B1B330DC800CC48F9 /* SimpleDo */,
				77782D571B330DC800CC48F9 /* SimpleDoTests */,
			);
		};
/* End PBXProject section */

/* Begin PBXResourcesBuildPhase section */
		77782D3A1B330DC800CC48F9 /* Resources */ = {
			isa = PBXResourcesBuildPhase;
			buildActionMask = 2147483647;
			files = (
				77FE86301B5018F1000A147A /* Images.xcassets in Resources */,
				77DEDEF81B54101200189BC9 /* Localizable.strings in Resources */,
				772859D21B4D8C3100204E24 /* Main.storyboard in Resources */,
				772859D11B4D8C3100204E24 /* LaunchScreen.xib in Resources */,
			);
			runOnlyForDeploymentPostprocessing = 0;
		};
		77782D561B330DC800CC48F9 /* Resources */ = {
			isa = PBXResourcesBuildPhase;
			buildActionMask = 2147483647;
			files = (
			);
			runOnlyForDeploymentPostprocessing = 0;
		};
/* End PBXResourcesBuildPhase section */

/* Begin PBXShellScriptBuildPhase section */
		41B8911F87A6D79BCC796B40 /* Check Pods Manifest.lock */ = {
			isa = PBXShellScriptBuildPhase;
			buildActionMask = 2147483647;
			files = (
			);
			inputPaths = (
			);
			name = "Check Pods Manifest.lock";
			outputPaths = (
			);
			runOnlyForDeploymentPostprocessing = 0;
			shellPath = /bin/sh;
			shellScript = "diff \"${PODS_ROOT}/../Podfile.lock\" \"${PODS_ROOT}/Manifest.lock\" > /dev/null\nif [[ $? != 0 ]] ; then\n    cat << EOM\nerror: The sandbox is not in sync with the Podfile.lock. Run 'pod install' or update your CocoaPods installation.\nEOM\n    exit 1\nfi\n";
			showEnvVarsInLog = 0;
		};
		C16842E0FB20913310C1A954 /* Copy Pods Resources */ = {
			isa = PBXShellScriptBuildPhase;
			buildActionMask = 2147483647;
			files = (
			);
			inputPaths = (
			);
			name = "Copy Pods Resources";
			outputPaths = (
			);
			runOnlyForDeploymentPostprocessing = 0;
			shellPath = /bin/sh;
			shellScript = "\"${SRCROOT}/Pods/Target Support Files/Pods/Pods-resources.sh\"\n";
			showEnvVarsInLog = 0;
		};
/* End PBXShellScriptBuildPhase section */

/* Begin PBXSourcesBuildPhase section */
		77782D381B330DC800CC48F9 /* Sources */ = {
			isa = PBXSourcesBuildPhase;
			buildActionMask = 2147483647;
			files = (
				776C116A1B92B63A0071437C /* EventItem+Adapter.m in Sources */,
				776C11511B913EAC0071437C /* UIScrollView+GKRefresh.m in Sources */,
				779494681B7BA8B4009A5419 /* BaseSingleSectionDataManager.m in Sources */,
				7746D7DC1B9BDC1B008966FA /* CreateEventItemControl.m in Sources */,
				778919E81B67CEB400CCE74C /* PageNavigationBar.m in Sources */,
				776C115E1B92A3080071437C /* EventSectionView.m in Sources */,
				779EDCA91B52888900EAE9E8 /* SimpleDo.xcdatamodeld in Sources */,
				77E2974F1B63CB9700B12AB2 /* ClockPlateView.m in Sources */,
				77782D451B330DC800CC48F9 /* AppDelegate.m in Sources */,
				77EAE53D1B6BD9ED00D7395D /* EventDisplayDataManager.m in Sources */,
				776C11771B9741560071437C /* CreateEventViewController.m in Sources */,
				77E297681B666ED800B12AB2 /* PagesControlViewController.m in Sources */,
				771936A01B84D039001740EC /* BaseFetchedControllerDataManager.m in Sources */,
				77E2974D1B63CB9700B12AB2 /* ClockPlateDataManager.m in Sources */,
				77E2974C1B63CB9700B12AB2 /* ClockPlateViewController.m in Sources */,
				776C11721B9738760071437C /* MenuBarView.m in Sources */,
				779EDCA61B52888900EAE9E8 /* EventItem.m in Sources */,
				77EAE5671B711AE900D7395D /* EventsListView.m in Sources */,
				7794946B1B7BA8CA009A5419 /* BaseMutableSectionDataManager.m in Sources */,
				77782D421B330DC800CC48F9 /* main.m in Sources */,
				776C11581B9299010071437C /* SquareView.m in Sources */,
				77E297571B63D1BB00B12AB2 /* BaseViewController.m in Sources */,
				77E2976E1B667AF600B12AB2 /* BaseCollectionView.m in Sources */,
				77A12EB71B600CAE003EC8F6 /* UIView+Positioning.m in Sources */,
				77E297501B63CB9700B12AB2 /* RhombusCell.m in Sources */,
				77E297711B667D5700B12AB2 /* PagesControlView.m in Sources */,
				77E2975E1B63D28B00B12AB2 /* MainController.m in Sources */,
				7794945A1B74F1DD009A5419 /* BaseTableView.m in Sources */,
				771DC2951B5ECD88008B4F9A /* BaseManagedObjectStore.m in Sources */,
				77E297511B63CB9700B12AB2 /* RhombusViewLayout.m in Sources */,
				7746D7DF1B9BDE9F008966FA /* EventLevelSelectView.m in Sources */,
				779EDCA71B52888900EAE9E8 /* PersonItem.m in Sources */,
				771DC2921B5EC9EF008B4F9A /* EventItemStore.m in Sources */,
				776C11551B9298890071437C /* QCMethod.m in Sources */,
				778919EF1B67E94900CCE74C /* PageNavigationItem.m in Sources */,
				776C11621B92A54D0071437C /* GKSelectedView.m in Sources */,
				77EAE56A1B711BD300D7395D /* EventsDisplayViewController.m in Sources */,
				77E2974E1B63CB9700B12AB2 /* AnimatedWaveView.m in Sources */,
				776C11501B913EAC0071437C /* GKIndicatorView.m in Sources */,
				778919DF1B67ACEF00CCE74C /* PagesDataManager.m in Sources */,
				779EDCA81B52888900EAE9E8 /* ProjectItem.m in Sources */,
				776C115B1B92A2F20071437C /* EventTableViewCell.m in Sources */,
				778919F21B67ECA800CCE74C /* PageDataItem.m in Sources */,
			);
			runOnlyForDeploymentPostprocessing = 0;
		};
		77782D541B330DC800CC48F9 /* Sources */ = {
			isa = PBXSourcesBuildPhase;
			buildActionMask = 2147483647;
			files = (
				77782D5F1B330DC800CC48F9 /* SimpleDoTests.m in Sources */,
			);
			runOnlyForDeploymentPostprocessing = 0;
		};
/* End PBXSourcesBuildPhase section */

/* Begin PBXTargetDependency section */
		77782D5A1B330DC800CC48F9 /* PBXTargetDependency */ = {
			isa = PBXTargetDependency;
			target = 77782D3B1B330DC800CC48F9 /* SimpleDo */;
			targetProxy = 77782D591B330DC800CC48F9 /* PBXContainerItemProxy */;
		};
/* End PBXTargetDependency section */

/* Begin PBXVariantGroup section */
		772859CD1B4D8C3100204E24 /* LaunchScreen.xib */ = {
			isa = PBXVariantGroup;
			children = (
				772859CE1B4D8C3100204E24 /* Base */,
				77DEDEFC1B54128E00189BC9 /* zh-Hans */,
			);
			name = LaunchScreen.xib;
			sourceTree = "<group>";
		};
		772859CF1B4D8C3100204E24 /* Main.storyboard */ = {
			isa = PBXVariantGroup;
			children = (
				772859D01B4D8C3100204E24 /* Base */,
				77DEDEFD1B54128E00189BC9 /* zh-Hans */,
			);
			name = Main.storyboard;
			sourceTree = "<group>";
		};
		77DEDEFA1B54101200189BC9 /* Localizable.strings */ = {
			isa = PBXVariantGroup;
			children = (
				77DEDEF91B54101200189BC9 /* en */,
				77DEDEFB1B54128E00189BC9 /* zh-Hans */,
			);
			name = Localizable.strings;
			sourceTree = "<group>";
		};
/* End PBXVariantGroup section */

/* Begin XCBuildConfiguration section */
		77782D601B330DC800CC48F9 /* Debug */ = {
			isa = XCBuildConfiguration;
			buildSettings = {
				ALWAYS_SEARCH_USER_PATHS = NO;
				CLANG_CXX_LANGUAGE_STANDARD = "gnu++0x";
				CLANG_CXX_LIBRARY = "libc++";
				CLANG_ENABLE_MODULES = YES;
				CLANG_ENABLE_OBJC_ARC = YES;
				CLANG_WARN_BOOL_CONVERSION = YES;
				CLANG_WARN_CONSTANT_CONVERSION = YES;
				CLANG_WARN_DIRECT_OBJC_ISA_USAGE = YES_ERROR;
				CLANG_WARN_EMPTY_BODY = YES;
				CLANG_WARN_ENUM_CONVERSION = YES;
				CLANG_WARN_INT_CONVERSION = YES;
				CLANG_WARN_OBJC_ROOT_CLASS = YES_ERROR;
				CLANG_WARN_UNREACHABLE_CODE = YES;
				CLANG_WARN__DUPLICATE_METHOD_MATCH = YES;
				"CODE_SIGN_IDENTITY[sdk=iphoneos*]" = "iPhone Developer";
				COPY_PHASE_STRIP = NO;
				DEBUG_INFORMATION_FORMAT = "dwarf-with-dsym";
				ENABLE_STRICT_OBJC_MSGSEND = YES;
				GCC_C_LANGUAGE_STANDARD = gnu99;
				GCC_DYNAMIC_NO_PIC = NO;
				GCC_NO_COMMON_BLOCKS = YES;
				GCC_OPTIMIZATION_LEVEL = 0;
				GCC_PREPROCESSOR_DEFINITIONS = (
					"DEBUG=1",
					"$(inherited)",
				);
				GCC_SYMBOLS_PRIVATE_EXTERN = NO;
				GCC_WARN_64_TO_32_BIT_CONVERSION = YES;
				GCC_WARN_ABOUT_RETURN_TYPE = YES_ERROR;
				GCC_WARN_UNDECLARED_SELECTOR = YES;
				GCC_WARN_UNINITIALIZED_AUTOS = YES_AGGRESSIVE;
				GCC_WARN_UNUSED_FUNCTION = YES;
				GCC_WARN_UNUSED_VARIABLE = YES;
				IPHONEOS_DEPLOYMENT_TARGET = 8.3;
				MTL_ENABLE_DEBUG_INFO = YES;
				ONLY_ACTIVE_ARCH = YES;
				SDKROOT = iphoneos;
			};
			name = Debug;
		};
		77782D611B330DC800CC48F9 /* Release */ = {
			isa = XCBuildConfiguration;
			buildSettings = {
				ALWAYS_SEARCH_USER_PATHS = NO;
				CLANG_CXX_LANGUAGE_STANDARD = "gnu++0x";
				CLANG_CXX_LIBRARY = "libc++";
				CLANG_ENABLE_MODULES = YES;
				CLANG_ENABLE_OBJC_ARC = YES;
				CLANG_WARN_BOOL_CONVERSION = YES;
				CLANG_WARN_CONSTANT_CONVERSION = YES;
				CLANG_WARN_DIRECT_OBJC_ISA_USAGE = YES_ERROR;
				CLANG_WARN_EMPTY_BODY = YES;
				CLANG_WARN_ENUM_CONVERSION = YES;
				CLANG_WARN_INT_CONVERSION = YES;
				CLANG_WARN_OBJC_ROOT_CLASS = YES_ERROR;
				CLANG_WARN_UNREACHABLE_CODE = YES;
				CLANG_WARN__DUPLICATE_METHOD_MATCH = YES;
				"CODE_SIGN_IDENTITY[sdk=iphoneos*]" = "iPhone Developer";
				COPY_PHASE_STRIP = NO;
				DEBUG_INFORMATION_FORMAT = "dwarf-with-dsym";
				ENABLE_NS_ASSERTIONS = NO;
				ENABLE_STRICT_OBJC_MSGSEND = YES;
				GCC_C_LANGUAGE_STANDARD = gnu99;
				GCC_NO_COMMON_BLOCKS = YES;
				GCC_WARN_64_TO_32_BIT_CONVERSION = YES;
				GCC_WARN_ABOUT_RETURN_TYPE = YES_ERROR;
				GCC_WARN_UNDECLARED_SELECTOR = YES;
				GCC_WARN_UNINITIALIZED_AUTOS = YES_AGGRESSIVE;
				GCC_WARN_UNUSED_FUNCTION = YES;
				GCC_WARN_UNUSED_VARIABLE = YES;
				IPHONEOS_DEPLOYMENT_TARGET = 8.3;
				MTL_ENABLE_DEBUG_INFO = NO;
				SDKROOT = iphoneos;
				VALIDATE_PRODUCT = YES;
			};
			name = Release;
		};
		77782D631B330DC800CC48F9 /* Debug */ = {
			isa = XCBuildConfiguration;
			baseConfigurationReference = 786C18BA72A8461CC3070F75 /* Pods.debug.xcconfig */;
			buildSettings = {
				ASSETCATALOG_COMPILER_APPICON_NAME = AppIcon;
				GCC_PRECOMPILE_PREFIX_HEADER = YES;
				GCC_PREFIX_HEADER = "$(SRCROOT)/SimpleDo/SimpleDo.pch";
				INFOPLIST_FILE = SimpleDo/Info.plist;
				LD_RUNPATH_SEARCH_PATHS = "$(inherited) @executable_path/Frameworks";
				PRODUCT_NAME = "$(TARGET_NAME)";
			};
			name = Debug;
		};
		77782D641B330DC800CC48F9 /* Release */ = {
			isa = XCBuildConfiguration;
			baseConfigurationReference = 7400CAC9AE85D6FC5528E120 /* Pods.release.xcconfig */;
			buildSettings = {
				ASSETCATALOG_COMPILER_APPICON_NAME = AppIcon;
				GCC_PRECOMPILE_PREFIX_HEADER = YES;
				GCC_PREFIX_HEADER = "$(SRCROOT)/SimpleDo/SimpleDo.pch";
				INFOPLIST_FILE = SimpleDo/Info.plist;
				LD_RUNPATH_SEARCH_PATHS = "$(inherited) @executable_path/Frameworks";
				PRODUCT_NAME = "$(TARGET_NAME)";
			};
			name = Release;
		};
		77782D661B330DC800CC48F9 /* Debug */ = {
			isa = XCBuildConfiguration;
			buildSettings = {
				BUNDLE_LOADER = "$(TEST_HOST)";
				FRAMEWORK_SEARCH_PATHS = (
					"$(SDKROOT)/Developer/Library/Frameworks",
					"$(inherited)",
				);
				GCC_PREPROCESSOR_DEFINITIONS = (
					"DEBUG=1",
					"$(inherited)",
				);
				INFOPLIST_FILE = SimpleDoTests/Info.plist;
				LD_RUNPATH_SEARCH_PATHS = "$(inherited) @executable_path/Frameworks @loader_path/Frameworks";
				PRODUCT_NAME = "$(TARGET_NAME)";
				TEST_HOST = "$(BUILT_PRODUCTS_DIR)/SimpleDo.app/SimpleDo";
			};
			name = Debug;
		};
		77782D671B330DC800CC48F9 /* Release */ = {
			isa = XCBuildConfiguration;
			buildSettings = {
				BUNDLE_LOADER = "$(TEST_HOST)";
				FRAMEWORK_SEARCH_PATHS = (
					"$(SDKROOT)/Developer/Library/Frameworks",
					"$(inherited)",
				);
				INFOPLIST_FILE = SimpleDoTests/Info.plist;
				LD_RUNPATH_SEARCH_PATHS = "$(inherited) @executable_path/Frameworks @loader_path/Frameworks";
				PRODUCT_NAME = "$(TARGET_NAME)";
				TEST_HOST = "$(BUILT_PRODUCTS_DIR)/SimpleDo.app/SimpleDo";
			};
			name = Release;
		};
/* End XCBuildConfiguration section */

/* Begin XCConfigurationList section */
		77782D371B330DC800CC48F9 /* Build configuration list for PBXProject "SimpleDo" */ = {
			isa = XCConfigurationList;
			buildConfigurations = (
				77782D601B330DC800CC48F9 /* Debug */,
				77782D611B330DC800CC48F9 /* Release */,
			);
			defaultConfigurationIsVisible = 0;
			defaultConfigurationName = Release;
		};
		77782D621B330DC800CC48F9 /* Build configuration list for PBXNativeTarget "SimpleDo" */ = {
			isa = XCConfigurationList;
			buildConfigurations = (
				77782D631B330DC800CC48F9 /* Debug */,
				77782D641B330DC800CC48F9 /* Release */,
			);
			defaultConfigurationIsVisible = 0;
			defaultConfigurationName = Release;
		};
		77782D651B330DC800CC48F9 /* Build configuration list for PBXNativeTarget "SimpleDoTests" */ = {
			isa = XCConfigurationList;
			buildConfigurations = (
				77782D661B330DC800CC48F9 /* Debug */,
				77782D671B330DC800CC48F9 /* Release */,
			);
			defaultConfigurationIsVisible = 0;
			defaultConfigurationName = Release;
		};
/* End XCConfigurationList section */

/* Begin XCVersionGroup section */
		779EDCA11B52888900EAE9E8 /* SimpleDo.xcdatamodeld */ = {
			isa = XCVersionGroup;
			children = (
				779EDCA21B52888900EAE9E8 /* SimpleDo.xcdatamodel */,
			);
			currentVersion = 779EDCA21B52888900EAE9E8 /* SimpleDo.xcdatamodel */;
			path = SimpleDo.xcdatamodeld;
			sourceTree = "<group>";
			versionGroupType = wrapper.xcdatamodel;
		};
/* End XCVersionGroup section */
	};
	rootObject = 77782D341B330DC800CC48F9 /* Project object */;
}
